
Microsoft Visual Studio Solution File, Format Version 12.00
# Visual Studio Version 17
VisualStudioVersion = 17.9.34622.214
MinimumVisualStudioVersion = 10.0.40219.1
Project("{FAE04EC0-301F-11D3-BF4B-00C04F79EFBC}") = "01.FirstProjectGame", "01.FirstProjectGame\01.FirstProjectGame.csproj", "{0FFD6673-A7BE-4FFE-A1C0-D4B1448A5C34}"
EndProject
Global
	GlobalSection(SolutionConfigurationPlatforms) = preSolution
		Debug|Any CPU = Debug|Any CPU
		Release|Any CPU = Release|Any CPU
	EndGlobalSection
	GlobalSection(ProjectConfigurationPlatforms) = postSolution
		{0FFD6673-A7BE-4FFE-A1C0-D4B1448A5C34}.Debug|Any CPU.ActiveCfg = Debug|Any CPU
		{0FFD6673-A7BE-4FFE-A1C0-D4B1448A5C34}.Debug|Any CPU.Build.0 = Debug|Any CPU
		{0FFD6673-A7BE-4FFE-A1C0-D4B1448A5C34}.Release|Any CPU.ActiveCfg = Release|Any CPU
		{0FFD6673-A7BE-4FFE-A1C0-D4B1448A5C34}.Release|Any CPU.Build.0 = Release|Any CPU
	EndGlobalSection
	GlobalSection(SolutionProperties) = preSolution
		HideSolutionNode = FALSE
	EndGlobalSection
	GlobalSection(ExtensibilityGlobals) = postSolution
		SolutionGuid = {752EEA46-326C-424E-BB1A-BD20EA9D28BD}
	EndGlobalSection
EndGlobal
